
Microsoft Visual Studio Solution File, Format Version 12.00
Project("{FAE04EC0-301F-11D3-BF4B-00C04F79EFBC}") = "Club100", "Club100\Club100.csproj", "{00FC9063-76E6-41D1-9CDD-70D0DD91563F}"
EndProject
Project("{FAE04EC0-301F-11D3-BF4B-00C04F79EFBC}") = "Club100Test", "Club100Test\Club100Test.csproj", "{D203D5C3-135F-4F7F-A2AA-02610BC5B40D}"
EndProject
Global
	GlobalSection(SolutionConfigurationPlatforms) = preSolution
		Debug|Any CPU = Debug|Any CPU
		Release|Any CPU = Release|Any CPU
	EndGlobalSection
	GlobalSection(ProjectConfigurationPlatforms) = postSolution
		{00FC9063-76E6-41D1-9CDD-70D0DD91563F}.Debug|Any CPU.ActiveCfg = Debug|Any CPU
		{00FC9063-76E6-41D1-9CDD-70D0DD91563F}.Debug|Any CPU.Build.0 = Debug|Any CPU
		{00FC9063-76E6-41D1-9CDD-70D0DD91563F}.Release|Any CPU.ActiveCfg = Release|Any CPU
		{00FC9063-76E6-41D1-9CDD-70D0DD91563F}.Release|Any CPU.Build.0 = Release|Any CPU
		{D203D5C3-135F-4F7F-A2AA-02610BC5B40D}.Debug|Any CPU.ActiveCfg = Debug|Any CPU
		{D203D5C3-135F-4F7F-A2AA-02610BC5B40D}.Debug|Any CPU.Build.0 = Debug|Any CPU
		{D203D5C3-135F-4F7F-A2AA-02610BC5B40D}.Release|Any CPU.ActiveCfg = Release|Any CPU
		{D203D5C3-135F-4F7F-A2AA-02610BC5B40D}.Release|Any CPU.Build.0 = Release|Any CPU
	EndGlobalSection
EndGlobal
